
Microsoft Visual Studio Solution File, Format Version 12.00
# Visual Studio 15
VisualStudioVersion = 15.0.28010.2036
MinimumVisualStudioVersion = 10.0.40219.1
Project("{9A19103F-16F7-4668-BE54-9A1E7A4F7556}") = "OpenHack", "OpenHack\OpenHack.csproj", "{A081BA37-380E-473B-B942-764889F8C7DF}"
EndProject
Global
	GlobalSection(SolutionConfigurationPlatforms) = preSolution
		Debug|Any CPU = Debug|Any CPU
		Release|Any CPU = Release|Any CPU
	EndGlobalSection
	GlobalSection(ProjectConfigurationPlatforms) = postSolution
		{A081BA37-380E-473B-B942-764889F8C7DF}.Debug|Any CPU.ActiveCfg = Debug|Any CPU
		{A081BA37-380E-473B-B942-764889F8C7DF}.Debug|Any CPU.Build.0 = Debug|Any CPU
		{A081BA37-380E-473B-B942-764889F8C7DF}.Release|Any CPU.ActiveCfg = Release|Any CPU
		{A081BA37-380E-473B-B942-764889F8C7DF}.Release|Any CPU.Build.0 = Release|Any CPU
	EndGlobalSection
	GlobalSection(SolutionProperties) = preSolution
		HideSolutionNode = FALSE
	EndGlobalSection
	GlobalSection(ExtensibilityGlobals) = postSolution
		SolutionGuid = {51AE43E5-2144-42AC-9133-F7A9EA6FBC57}
	EndGlobalSection
EndGlobal
